// !$*UTF8*$!
{
	archiveVersion = 1;
	classes = {
	};
	objectVersion = 46;
	objects = {

/* Begin PBXBuildFile section */
		D957078820C1179D00B808FB /* AppDelegate.swift in Sources */ = {isa = PBXBuildFile; fileRef = D957078720C1179D00B808FB /* AppDelegate.swift */; };
		D957078D20C1179D00B808FB /* Main.storyboard in Resources */ = {isa = PBXBuildFile; fileRef = D957078B20C1179D00B808FB /* Main.storyboard */; };
		D957078F20C1179D00B808FB /* Assets.xcassets in Resources */ = {isa = PBXBuildFile; fileRef = D957078E20C1179D00B808FB /* Assets.xcassets */; };
		D957079220C1179D00B808FB /* LaunchScreen.storyboard in Resources */ = {isa = PBXBuildFile; fileRef = D957079020C1179D00B808FB /* LaunchScreen.storyboard */; };
		D95707A720C117E600B808FB /* arriveToVideos.swift in Sources */ = {isa = PBXBuildFile; fileRef = D957079920C117E600B808FB /* arriveToVideos.swift */; };
		D95707A820C117E600B808FB /* Buttons.swift in Sources */ = {isa = PBXBuildFile; fileRef = D957079A20C117E600B808FB /* Buttons.swift */; };
		D95707A920C117E600B808FB /* CellCollVideo.swift in Sources */ = {isa = PBXBuildFile; fileRef = D957079B20C117E600B808FB /* CellCollVideo.swift */; };
		D95707AA20C117E600B808FB /* CollectionView.swift in Sources */ = {isa = PBXBuildFile; fileRef = D957079C20C117E600B808FB /* CollectionView.swift */; };
		D95707AB20C117E600B808FB /* eidt View Button.swift in Sources */ = {isa = PBXBuildFile; fileRef = D957079D20C117E600B808FB /* eidt View Button.swift */; };
		D95707AC20C117E600B808FB /* eidtTheFarme.swift in Sources */ = {isa = PBXBuildFile; fileRef = D957079E20C117E600B808FB /* eidtTheFarme.swift */; };
		D95707AD20C117E600B808FB /* getAllMusic.swift in Sources */ = {isa = PBXBuildFile; fileRef = D957079F20C117E600B808FB /* getAllMusic.swift */; };
		D95707AE20C117E600B808FB /* getHoursMinutesSecondsFromNS.swift in Sources */ = {isa = PBXBuildFile; fileRef = D95707A020C117E600B808FB /* getHoursMinutesSecondsFromNS.swift */; };
		D95707AF20C117E600B808FB /* getTheVideoSize.swift in Sources */ = {isa = PBXBuildFile; fileRef = D95707A120C117E600B808FB /* getTheVideoSize.swift */; };
		D95707B020C117E600B808FB /* Play Audio.swift in Sources */ = {isa = PBXBuildFile; fileRef = D95707A220C117E600B808FB /* Play Audio.swift */; };
		D95707B120C117E600B808FB /* Play Video.swift in Sources */ = {isa = PBXBuildFile; fileRef = D95707A320C117E600B808FB /* Play Video.swift */; };
		D95707B220C117E600B808FB /* tableView.swift in Sources */ = {isa = PBXBuildFile; fileRef = D95707A420C117E600B808FB /* tableView.swift */; };
		D95707B320C117E600B808FB /* TableViewCell.swift in Sources */ = {isa = PBXBuildFile; fileRef = D95707A520C117E600B808FB /* TableViewCell.swift */; };
		D95707B420C117E600B808FB /* ViewController.swift in Sources */ = {isa = PBXBuildFile; fileRef = D95707A620C117E600B808FB /* ViewController.swift */; };
		D95707B620C1183700B808FB /* 07.jpg in Resources */ = {isa = PBXBuildFile; fileRef = D95707B520C1183700B808FB /* 07.jpg */; };
/* End PBXBuildFile section */

/* Begin PBXFileReference section */
		D957078420C1179D00B808FB /* Mixing Video & Songs.app */ = {isa = PBXFileReference; explicitFileType = wrapper.application; includeInIndex = 0; path = "Mixing Video & Songs.app"; sourceTree = BUILT_PRODUCTS_DIR; };
		D957078720C1179D00B808FB /* AppDelegate.swift */ = {isa = PBXFileReference; lastKnownFileType = sourcecode.swift; path = AppDelegate.swift; sourceTree = "<group>"; };
		D957078C20C1179D00B808FB /* Base */ = {isa = PBXFileReference; lastKnownFileType = file.storyboard; name = Base; path = Base.lproj/Main.storyboard; sourceTree = "<group>"; };
		D957078E20C1179D00B808FB /* Assets.xcassets */ = {isa = PBXFileReference; lastKnownFileType = folder.assetcatalog; path = Assets.xcassets; sourceTree = "<group>"; };
		D957079120C1179D00B808FB /* Base */ = {isa = PBXFileReference; lastKnownFileType = file.storyboard; name = Base; path = Base.lproj/LaunchScreen.storyboard; sourceTree = "<group>"; };
		D957079320C1179D00B808FB /* Info.plist */ = {isa = PBXFileReference; lastKnownFileType = text.plist.xml; path = Info.plist; sourceTree = "<group>"; };
		D957079920C117E600B808FB /* arriveToVideos.swift */ = {isa = PBXFileReference; fileEncoding = 4; lastKnownFileType = sourcecode.swift; path = arriveToVideos.swift; sourceTree = "<group>"; };
		D957079A20C117E600B808FB /* Buttons.swift */ = {isa = PBXFileReference; fileEncoding = 4; lastKnownFileType = sourcecode.swift; path = Buttons.swift; sourceTree = "<group>"; };
		D957079B20C117E600B808FB /* CellCollVideo.swift */ = {isa = PBXFileReference; fileEncoding = 4; lastKnownFileType = sourcecode.swift; path = CellCollVideo.swift; sourceTree = "<group>"; };
		D957079C20C117E600B808FB /* CollectionView.swift */ = {isa = PBXFileReference; fileEncoding = 4; lastKnownFileType = sourcecode.swift; path = CollectionView.swift; sourceTree = "<group>"; };
		D957079D20C117E600B808FB /* eidt View Button.swift */ = {isa = PBXFileReference; fileEncoding = 4; lastKnownFileType = sourcecode.swift; path = "eidt View Button.swift"; sourceTree = "<group>"; };
		D957079E20C117E600B808FB /* eidtTheFarme.swift */ = {isa = PBXFileReference; fileEncoding = 4; lastKnownFileType = sourcecode.swift; path = eidtTheFarme.swift; sourceTree = "<group>"; };
		D957079F20C117E600B808FB /* getAllMusic.swift */ = {isa = PBXFileReference; fileEncoding = 4; lastKnownFileType = sourcecode.swift; path = getAllMusic.swift; sourceTree = "<group>"; };
		D95707A020C117E600B808FB /* getHoursMinutesSecondsFromNS.swift */ = {isa = PBXFileReference; fileEncoding = 4; lastKnownFileType = sourcecode.swift; path = getHoursMinutesSecondsFromNS.swift; sourceTree = "<group>"; };
		D95707A120C117E600B808FB /* getTheVideoSize.swift */ = {isa = PBXFileReference; fileEncoding = 4; lastKnownFileType = sourcecode.swift; path = getTheVideoSize.swift; sourceTree = "<group>"; };
		D95707A220C117E600B808FB /* Play Audio.swift */ = {isa = PBXFileReference; fileEncoding = 4; lastKnownFileType = sourcecode.swift; path = "Play Audio.swift"; sourceTree = "<group>"; };
		D95707A320C117E600B808FB /* Play Video.swift */ = {isa = PBXFileReference; fileEncoding = 4; lastKnownFileType = sourcecode.swift; path = "Play Video.swift"; sourceTree = "<group>"; };
		D95707A420C117E600B808FB /* tableView.swift */ = {isa = PBXFileReference; fileEncoding = 4; lastKnownFileType = sourcecode.swift; path = tableView.swift; sourceTree = "<group>"; };
		D95707A520C117E600B808FB /* TableViewCell.swift */ = {isa = PBXFileReference; fileEncoding = 4; lastKnownFileType = sourcecode.swift; path = TableViewCell.swift; sourceTree = "<group>"; };
		D95707A620C117E600B808FB /* ViewController.swift */ = {isa = PBXFileReference; fileEncoding = 4; lastKnownFileType = sourcecode.swift; path = ViewController.swift; sourceTree = "<group>"; };
		D95707B520C1183700B808FB /* 07.jpg */ = {isa = PBXFileReference; lastKnownFileType = image.jpeg; path = 07.jpg; sourceTree = "<group>"; };
/* End PBXFileReference section */

/* Begin PBXFrameworksBuildPhase section */
		D957078120C1179D00B808FB /* Frameworks */ = {
			isa = PBXFrameworksBuildPhase;
			buildActionMask = 2147483647;
			files = (
			);
			runOnlyForDeploymentPostprocessing = 0;
		};
/* End PBXFrameworksBuildPhase section */

/* Begin PBXGroup section */
		D957077B20C1179C00B808FB = {
			isa = PBXGroup;
			children = (
				D957078620C1179D00B808FB /* Mixing Video & Songs */,
				D957078520C1179D00B808FB /* Products */,
			);
			sourceTree = "<group>";
		};
		D957078520C1179D00B808FB /* Products */ = {
			isa = PBXGroup;
			children = (
				D957078420C1179D00B808FB /* Mixing Video & Songs.app */,
			);
			name = Products;
			sourceTree = "<group>";
		};
		D957078620C1179D00B808FB /* Mixing Video & Songs */ = {
			isa = PBXGroup;
			children = (
				D95707B520C1183700B808FB /* 07.jpg */,
				D95707B920C1186B00B808FB /* Model */,
				D95707B820C1185C00B808FB /* View */,
				D95707B720C1185100B808FB /* Controller */,
				D957078720C1179D00B808FB /* AppDelegate.swift */,
				D957078B20C1179D00B808FB /* Main.storyboard */,
				D957078E20C1179D00B808FB /* Assets.xcassets */,
				D957079020C1179D00B808FB /* LaunchScreen.storyboard */,
				D957079320C1179D00B808FB /* Info.plist */,
			);
			path = "Mixing Video & Songs";
			sourceTree = "<group>";
		};
		D95707B720C1185100B808FB /* Controller */ = {
			isa = PBXGroup;
			children = (
				D957079C20C117E600B808FB /* CollectionView.swift */,
				D95707A220C117E600B808FB /* Play Audio.swift */,
				D95707A320C117E600B808FB /* Play Video.swift */,
				D95707A420C117E600B808FB /* tableView.swift */,
				D95707A620C117E600B808FB /* ViewController.swift */,
			);
			name = Controller;
			sourceTree = "<group>";
		};
		D95707B820C1185C00B808FB /* View */ = {
			isa = PBXGroup;
			children = (
				D957079A20C117E600B808FB /* Buttons.swift */,
				D957079B20C117E600B808FB /* CellCollVideo.swift */,
				D957079D20C117E600B808FB /* eidt View Button.swift */,
				D957079E20C117E600B808FB /* eidtTheFarme.swift */,
				D95707A520C117E600B808FB /* TableViewCell.swift */,
			);
			name = View;
			sourceTree = "<group>";
		};
		D95707B920C1186B00B808FB /* Model */ = {
			isa = PBXGroup;
			children = (
				D957079920C117E600B808FB /* arriveToVideos.swift */,
				D957079F20C117E600B808FB /* getAllMusic.swift */,
				D95707A020C117E600B808FB /* getHoursMinutesSecondsFromNS.swift */,
				D95707A120C117E600B808FB /* getTheVideoSize.swift */,
			);
			name = Model;
			sourceTree = "<group>";
		};
/* End PBXGroup section */

/* Begin PBXNativeTarget section */
		D957078320C1179D00B808FB /* Mixing Video & Songs */ = {
			isa = PBXNativeTarget;
			buildConfigurationList = D957079620C1179D00B808FB /* Build configuration list for PBXNativeTarget "Mixing Video & Songs" */;
			buildPhases = (
				D957078020C1179D00B808FB /* Sources */,
				D957078120C1179D00B808FB /* Frameworks */,
				D957078220C1179D00B808FB /* Resources */,
			);
			buildRules = (
			);
			dependencies = (
			);
			name = "Mixing Video & Songs";
			productName = "Mixing Video & Songs";
			productReference = D957078420C1179D00B808FB /* Mixing Video & Songs.app */;
			productType = "com.apple.product-type.application";
		};
/* End PBXNativeTarget section */

/* Begin PBXProject section */
		D957077C20C1179C00B808FB /* Project object */ = {
			isa = PBXProject;
			attributes = {
				LastSwiftUpdateCheck = 0800;
				LastUpgradeCheck = 0800;
				ORGANIZATIONNAME = "abdalrahman essam ";
				TargetAttributes = {
					D957078320C1179D00B808FB = {
						CreatedOnToolsVersion = 8.0;
						DevelopmentTeam = 6WTSW9XCXD;
						ProvisioningStyle = Automatic;
					};
				};
			};
			buildConfigurationList = D957077F20C1179C00B808FB /* Build configuration list for PBXProject "Mixing Video & Songs" */;
			compatibilityVersion = "Xcode 3.2";
			developmentRegion = English;
			hasScannedForEncodings = 0;
			knownRegions = (
				en,
				Base,
			);
			mainGroup = D957077B20C1179C00B808FB;
			productRefGroup = D957078520C1179D00B808FB /* Products */;
			projectDirPath = "";
			projectRoot = "";
			targets = (
				D957078320C1179D00B808FB /* Mixing Video & Songs */,
			);
		};
/* End PBXProject section */

/* Begin PBXResourcesBuildPhase section */
		D957078220C1179D00B808FB /* Resources */ = {
			isa = PBXResourcesBuildPhase;
			buildActionMask = 2147483647;
			files = (
				D95707B620C1183700B808FB /* 07.jpg in Resources */,
				D957079220C1179D00B808FB /* LaunchScreen.storyboard in Resources */,
				D957078F20C1179D00B808FB /* Assets.xcassets in Resources */,
				D957078D20C1179D00B808FB /* Main.storyboard in Resources */,
			);
			runOnlyForDeploymentPostprocessing = 0;
		};
/* End PBXResourcesBuildPhase section */

/* Begin PBXSourcesBuildPhase section */
		D957078020C1179D00B808FB /* Sources */ = {
			isa = PBXSourcesBuildPhase;
			buildActionMask = 2147483647;
			files = (
				D95707B420C117E600B808FB /* ViewController.swift in Sources */,
				D95707B120C117E600B808FB /* Play Video.swift in Sources */,
				D95707A820C117E600B808FB /* Buttons.swift in Sources */,
				D95707B020C117E600B808FB /* Play Audio.swift in Sources */,
				D95707AF20C117E600B808FB /* getTheVideoSize.swift in Sources */,
				D95707AE20C117E600B808FB /* getHoursMinutesSecondsFromNS.swift in Sources */,
				D95707B320C117E600B808FB /* TableViewCell.swift in Sources */,
				D95707AC20C117E600B808FB /* eidtTheFarme.swift in Sources */,
				D95707AA20C117E600B808FB /* CollectionView.swift in Sources */,
				D957078820C1179D00B808FB /* AppDelegate.swift in Sources */,
				D95707A720C117E600B808FB /* arriveToVideos.swift in Sources */,
				D95707AB20C117E600B808FB /* eidt View Button.swift in Sources */,
				D95707B220C117E600B808FB /* tableView.swift in Sources */,
				D95707AD20C117E600B808FB /* getAllMusic.swift in Sources */,
				D95707A920C117E600B808FB /* CellCollVideo.swift in Sources */,
			);
			runOnlyForDeploymentPostprocessing = 0;
		};
/* End PBXSourcesBuildPhase section */

/* Begin PBXVariantGroup section */
		D957078B20C1179D00B808FB /* Main.storyboard */ = {
			isa = PBXVariantGroup;
			children = (
				D957078C20C1179D00B808FB /* Base */,
			);
			name = Main.storyboard;
			sourceTree = "<group>";
		};
		D957079020C1179D00B808FB /* LaunchScreen.storyboard */ = {
			isa = PBXVariantGroup;
			children = (
				D957079120C1179D00B808FB /* Base */,
			);
			name = LaunchScreen.storyboard;
			sourceTree = "<group>";
		};
/* End PBXVariantGroup section */

/* Begin XCBuildConfiguration section */
		D957079420C1179D00B808FB /* Debug */ = {
			isa = XCBuildConfiguration;
			buildSettings = {
				ALWAYS_SEARCH_USER_PATHS = NO;
				CLANG_ANALYZER_NONNULL = YES;
				CLANG_CXX_LANGUAGE_STANDARD = "gnu++0x";
				CLANG_CXX_LIBRARY = "libc++";
				CLANG_ENABLE_MODULES = YES;
				CLANG_ENABLE_OBJC_ARC = YES;
				CLANG_WARN_BOOL_CONVERSION = YES;
				CLANG_WARN_CONSTANT_CONVERSION = YES;
				CLANG_WARN_DIRECT_OBJC_ISA_USAGE = YES_ERROR;
				CLANG_WARN_DOCUMENTATION_COMMENTS = YES;
				CLANG_WARN_EMPTY_BODY = YES;
				CLANG_WARN_ENUM_CONVERSION = YES;
				CLANG_WARN_INFINITE_RECURSION = YES;
				CLANG_WARN_INT_CONVERSION = YES;
				CLANG_WARN_OBJC_ROOT_CLASS = YES_ERROR;
				CLANG_WARN_SUSPICIOUS_MOVES = YES;
				CLANG_WARN_UNREACHABLE_CODE = YES;
				CLANG_WARN__DUPLICATE_METHOD_MATCH = YES;
				"CODE_SIGN_IDENTITY[sdk=iphoneos*]" = "iPhone Developer";
				COPY_PHASE_STRIP = NO;
				DEBUG_INFORMATION_FORMAT = dwarf;
				ENABLE_STRICT_OBJC_MSGSEND = YES;
				ENABLE_TESTABILITY = YES;
				GCC_C_LANGUAGE_STANDARD = gnu99;
				GCC_DYNAMIC_NO_PIC = NO;
				GCC_NO_COMMON_BLOCKS = YES;
				GCC_OPTIMIZATION_LEVEL = 0;
				GCC_PREPROCESSOR_DEFINITIONS = (
					"DEBUG=1",
					"$(inherited)",
				);
				GCC_WARN_64_TO_32_BIT_CONVERSION = YES;
				GCC_WARN_ABOUT_RETURN_TYPE = YES_ERROR;
				GCC_WARN_UNDECLARED_SELECTOR = YES;
				GCC_WARN_UNINITIALIZED_AUTOS = YES_AGGRESSIVE;
				GCC_WARN_UNUSED_FUNCTION = YES;
				GCC_WARN_UNUSED_VARIABLE = YES;
				IPHONEOS_DEPLOYMENT_TARGET = 10.0;
				MTL_ENABLE_DEBUG_INFO = YES;
				ONLY_ACTIVE_ARCH = YES;
				SDKROOT = iphoneos;
				SWIFT_ACTIVE_COMPILATION_CONDITIONS = DEBUG;
				SWIFT_OPTIMIZATION_LEVEL = "-Onone";
				TARGETED_DEVICE_FAMILY = "1,2";
			};
			name = Debug;
		};
		D957079520C1179D00B808FB /* Release */ = {
			isa = XCBuildConfiguration;
			buildSettings = {
				ALWAYS_SEARCH_USER_PATHS = NO;
				CLANG_ANALYZER_NONNULL = YES;
				CLANG_CXX_LANGUAGE_STANDARD = "gnu++0x";
				CLANG_CXX_LIBRARY = "libc++";
				CLANG_ENABLE_MODULES = YES;
				CLANG_ENABLE_OBJC_ARC = YES;
				CLANG_WARN_BOOL_CONVERSION = YES;
				CLANG_WARN_CONSTANT_CONVERSION = YES;
				CLANG_WARN_DIRECT_OBJC_ISA_USAGE = YES_ERROR;
				CLANG_WARN_DOCUMENTATION_COMMENTS = YES;
				CLANG_WARN_EMPTY_BODY = YES;
				CLANG_WARN_ENUM_CONVERSION = YES;
				CLANG_WARN_INFINITE_RECURSION = YES;
				CLANG_WARN_INT_CONVERSION = YES;
				CLANG_WARN_OBJC_ROOT_CLASS = YES_ERROR;
				CLANG_WARN_SUSPICIOUS_MOVES = YES;
				CLANG_WARN_UNREACHABLE_CODE = YES;
				CLANG_WARN__DUPLICATE_METHOD_MATCH = YES;
				"CODE_SIGN_IDENTITY[sdk=iphoneos*]" = "iPhone Developer";
				COPY_PHASE_STRIP = NO;
				DEBUG_INFORMATION_FORMAT = "dwarf-with-dsym";
				ENABLE_NS_ASSERTIONS = NO;
				ENABLE_STRICT_OBJC_MSGSEND = YES;
				GCC_C_LANGUAGE_STANDARD = gnu99;
				GCC_NO_COMMON_BLOCKS = YES;
				GCC_WARN_64_TO_32_BIT_CONVERSION = YES;
				GCC_WARN_ABOUT_RETURN_TYPE = YES_ERROR;
				GCC_WARN_UNDECLARED_SELECTOR = YES;
				GCC_WARN_UNINITIALIZED_AUTOS = YES_AGGRESSIVE;
				GCC_WARN_UNUSED_FUNCTION = YES;
				GCC_WARN_UNUSED_VARIABLE = YES;
				IPHONEOS_DEPLOYMENT_TARGET = 10.0;
				MTL_ENABLE_DEBUG_INFO = NO;
				SDKROOT = iphoneos;
				SWIFT_OPTIMIZATION_LEVEL = "-Owholemodule";
				TARGETED_DEVICE_FAMILY = "1,2";
				VALIDATE_PRODUCT = YES;
			};
			name = Release;
		};
		D957079720C1179D00B808FB /* Debug */ = {
			isa = XCBuildConfiguration;
			buildSettings = {
				ASSETCATALOG_COMPILER_APPICON_NAME = AppIcon;
				DEVELOPMENT_TEAM = 6WTSW9XCXD;
				INFOPLIST_FILE = "Mixing Video & Songs/Info.plist";
				LD_RUNPATH_SEARCH_PATHS = "$(inherited) @executable_path/Frameworks";
				PRODUCT_BUNDLE_IDENTIFIER = "abdalrahman-essam.Mixing-Video---Songs";
				PRODUCT_NAME = "$(TARGET_NAME)";
				SWIFT_VERSION = 3.0;
			};
			name = Debug;
		};
		D957079820C1179D00B808FB /* Release */ = {
			isa = XCBuildConfiguration;
			buildSettings = {
				ASSETCATALOG_COMPILER_APPICON_NAME = AppIcon;
				DEVELOPMENT_TEAM = 6WTSW9XCXD;
				INFOPLIST_FILE = "Mixing Video & Songs/Info.plist";
				LD_RUNPATH_SEARCH_PATHS = "$(inherited) @executable_path/Frameworks";
				PRODUCT_BUNDLE_IDENTIFIER = "abdalrahman-essam.Mixing-Video---Songs";
				PRODUCT_NAME = "$(TARGET_NAME)";
				SWIFT_VERSION = 3.0;
			};
			name = Release;
		};
/* End XCBuildConfiguration section */

/* Begin XCConfigurationList section */
		D957077F20C1179C00B808FB /* Build configuration list for PBXProject "Mixing Video & Songs" */ = {
			isa = XCConfigurationList;
			buildConfigurations = (
				D957079420C1179D00B808FB /* Debug */,
				D957079520C1179D00B808FB /* Release */,
			);
			defaultConfigurationIsVisible = 0;
			defaultConfigurationName = Release;
		};
		D957079620C1179D00B808FB /* Build configuration list for PBXNativeTarget "Mixing Video & Songs" */ = {
			isa = XCConfigurationList;
			buildConfigurations = (
				D957079720C1179D00B808FB /* Debug */,
				D957079820C1179D00B808FB /* Release */,
			);
			defaultConfigurationIsVisible = 0;
		};
/* End XCConfigurationList section */
	};
	rootObject = D957077C20C1179C00B808FB /* Project object */;
}
